
Microsoft Visual Studio Solution File, Format Version 12.00
# Visual Studio Version 16
VisualStudioVersion = 16.0.29102.190
MinimumVisualStudioVersion = 10.0.40219.1
Project("{2150E333-8FDC-42A3-9474-1A3956D46DE8}") = "Module1", "Module1", "{75C9E1F3-6450-41CF-B4F5-C1BCC9433CC9}"
EndProject
Project("{FAE04EC0-301F-11D3-BF4B-00C04F79EFBC}") = "Module1", "Module1\Module1\Module1.csproj", "{8EAD0380-3DEE-46BD-9493-CE1A07FCF402}"
EndProject
Project("{2150E333-8FDC-42A3-9474-1A3956D46DE8}") = "Module2", "Module2", "{38989085-ED10-4EE9-9DF3-11F9163ACC43}"
EndProject
Project("{FAE04EC0-301F-11D3-BF4B-00C04F79EFBC}") = "Task1", "Module2\Task1\Task1\Task1.csproj", "{431BB4E9-A2F9-444B-9124-30367989180C}"
EndProject
Project("{FAE04EC0-301F-11D3-BF4B-00C04F79EFBC}") = "Task2", "Module2\Task2\Task2\Task2.csproj", "{884E8A14-818B-4BE9-875A-29FB74FD4A54}"
EndProject
Project("{FAE04EC0-301F-11D3-BF4B-00C04F79EFBC}") = "Task3", "Module2\Task3\Task3\Task3.csproj", "{FADE7A56-B26F-4945-8071-74633D1B4DBF}"
EndProject
Project("{FAE04EC0-301F-11D3-BF4B-00C04F79EFBC}") = "Task4", "Module2\Task4\Task4\Task4.csproj", "{FA255721-1ADC-4198-9613-C96B288E48CF}"
EndProject
Project("{2150E333-8FDC-42A3-9474-1A3956D46DE8}") = "Module3", "Module3", "{21A869B9-AC86-48EA-BA54-0188F58AE659}"
EndProject
Project("{FAE04EC0-301F-11D3-BF4B-00C04F79EFBC}") = "Task1", "Module3\Task1\Task1\Task1.csproj", "{E3C97FB2-0603-423B-8740-AAC394443DD4}"
EndProject
Project("{FAE04EC0-301F-11D3-BF4B-00C04F79EFBC}") = "CustomMath", "Module3\CustomMath\CustomMath\CustomMath.csproj", "{1BAF8634-E20F-4771-B840-B09A117F8066}"
EndProject
Project("{FAE04EC0-301F-11D3-BF4B-00C04F79EFBC}") = "DataInput", "Module3\DataInput\DataInput\DataInput.csproj", "{DCA9EF2E-5756-458A-AD13-0B6BEBF446F1}"
EndProject
Project("{2150E333-8FDC-42A3-9474-1A3956D46DE8}") = "Module5", "Module5", "{9427ADBC-1866-49EE-AE5A-FB617ADCE2D1}"
EndProject
Project("{FAE04EC0-301F-11D3-BF4B-00C04F79EFBC}") = "Game", "Module5\Game\Game.csproj", "{842D15FE-91EA-4B5C-ADE4-4159760D255E}"
EndProject
Project("{FAE04EC0-301F-11D3-BF4B-00C04F79EFBC}") = "GameComponents", "Module5\GameComponents\GameComponents.csproj", "{47C544C9-B5A4-4F87-AA75-E5CB195B6417}"
EndProject
Global
	GlobalSection(SolutionConfigurationPlatforms) = preSolution
		Debug|Any CPU = Debug|Any CPU
		Release|Any CPU = Release|Any CPU
	EndGlobalSection
	GlobalSection(ProjectConfigurationPlatforms) = postSolution
		{8EAD0380-3DEE-46BD-9493-CE1A07FCF402}.Debug|Any CPU.ActiveCfg = Debug|Any CPU
		{8EAD0380-3DEE-46BD-9493-CE1A07FCF402}.Debug|Any CPU.Build.0 = Debug|Any CPU
		{8EAD0380-3DEE-46BD-9493-CE1A07FCF402}.Release|Any CPU.ActiveCfg = Release|Any CPU
		{8EAD0380-3DEE-46BD-9493-CE1A07FCF402}.Release|Any CPU.Build.0 = Release|Any CPU
		{431BB4E9-A2F9-444B-9124-30367989180C}.Debug|Any CPU.ActiveCfg = Debug|Any CPU
		{431BB4E9-A2F9-444B-9124-30367989180C}.Debug|Any CPU.Build.0 = Debug|Any CPU
		{431BB4E9-A2F9-444B-9124-30367989180C}.Release|Any CPU.ActiveCfg = Release|Any CPU
		{431BB4E9-A2F9-444B-9124-30367989180C}.Release|Any CPU.Build.0 = Release|Any CPU
		{884E8A14-818B-4BE9-875A-29FB74FD4A54}.Debug|Any CPU.ActiveCfg = Debug|Any CPU
		{884E8A14-818B-4BE9-875A-29FB74FD4A54}.Debug|Any CPU.Build.0 = Debug|Any CPU
		{884E8A14-818B-4BE9-875A-29FB74FD4A54}.Release|Any CPU.ActiveCfg = Release|Any CPU
		{884E8A14-818B-4BE9-875A-29FB74FD4A54}.Release|Any CPU.Build.0 = Release|Any CPU
		{FADE7A56-B26F-4945-8071-74633D1B4DBF}.Debug|Any CPU.ActiveCfg = Debug|Any CPU
		{FADE7A56-B26F-4945-8071-74633D1B4DBF}.Debug|Any CPU.Build.0 = Debug|Any CPU
		{FADE7A56-B26F-4945-8071-74633D1B4DBF}.Release|Any CPU.ActiveCfg = Release|Any CPU
		{FADE7A56-B26F-4945-8071-74633D1B4DBF}.Release|Any CPU.Build.0 = Release|Any CPU
		{FA255721-1ADC-4198-9613-C96B288E48CF}.Debug|Any CPU.ActiveCfg = Debug|Any CPU
		{FA255721-1ADC-4198-9613-C96B288E48CF}.Debug|Any CPU.Build.0 = Debug|Any CPU
		{FA255721-1ADC-4198-9613-C96B288E48CF}.Release|Any CPU.ActiveCfg = Release|Any CPU
		{FA255721-1ADC-4198-9613-C96B288E48CF}.Release|Any CPU.Build.0 = Release|Any CPU
		{E3C97FB2-0603-423B-8740-AAC394443DD4}.Debug|Any CPU.ActiveCfg = Debug|Any CPU
		{E3C97FB2-0603-423B-8740-AAC394443DD4}.Debug|Any CPU.Build.0 = Debug|Any CPU
		{E3C97FB2-0603-423B-8740-AAC394443DD4}.Release|Any CPU.ActiveCfg = Release|Any CPU
		{E3C97FB2-0603-423B-8740-AAC394443DD4}.Release|Any CPU.Build.0 = Release|Any CPU
		{1BAF8634-E20F-4771-B840-B09A117F8066}.Debug|Any CPU.ActiveCfg = Debug|Any CPU
		{1BAF8634-E20F-4771-B840-B09A117F8066}.Debug|Any CPU.Build.0 = Debug|Any CPU
		{1BAF8634-E20F-4771-B840-B09A117F8066}.Release|Any CPU.ActiveCfg = Release|Any CPU
		{1BAF8634-E20F-4771-B840-B09A117F8066}.Release|Any CPU.Build.0 = Release|Any CPU
		{DCA9EF2E-5756-458A-AD13-0B6BEBF446F1}.Debug|Any CPU.ActiveCfg = Debug|Any CPU
		{DCA9EF2E-5756-458A-AD13-0B6BEBF446F1}.Debug|Any CPU.Build.0 = Debug|Any CPU
		{DCA9EF2E-5756-458A-AD13-0B6BEBF446F1}.Release|Any CPU.ActiveCfg = Release|Any CPU
		{DCA9EF2E-5756-458A-AD13-0B6BEBF446F1}.Release|Any CPU.Build.0 = Release|Any CPU
		{842D15FE-91EA-4B5C-ADE4-4159760D255E}.Debug|Any CPU.ActiveCfg = Debug|Any CPU
		{842D15FE-91EA-4B5C-ADE4-4159760D255E}.Debug|Any CPU.Build.0 = Debug|Any CPU
		{842D15FE-91EA-4B5C-ADE4-4159760D255E}.Release|Any CPU.ActiveCfg = Release|Any CPU
		{842D15FE-91EA-4B5C-ADE4-4159760D255E}.Release|Any CPU.Build.0 = Release|Any CPU
		{47C544C9-B5A4-4F87-AA75-E5CB195B6417}.Debug|Any CPU.ActiveCfg = Debug|Any CPU
		{47C544C9-B5A4-4F87-AA75-E5CB195B6417}.Debug|Any CPU.Build.0 = Debug|Any CPU
		{47C544C9-B5A4-4F87-AA75-E5CB195B6417}.Release|Any CPU.ActiveCfg = Release|Any CPU
		{47C544C9-B5A4-4F87-AA75-E5CB195B6417}.Release|Any CPU.Build.0 = Release|Any CPU
	EndGlobalSection
	GlobalSection(SolutionProperties) = preSolution
		HideSolutionNode = FALSE
	EndGlobalSection
	GlobalSection(NestedProjects) = preSolution
		{8EAD0380-3DEE-46BD-9493-CE1A07FCF402} = {75C9E1F3-6450-41CF-B4F5-C1BCC9433CC9}
		{431BB4E9-A2F9-444B-9124-30367989180C} = {38989085-ED10-4EE9-9DF3-11F9163ACC43}
		{884E8A14-818B-4BE9-875A-29FB74FD4A54} = {38989085-ED10-4EE9-9DF3-11F9163ACC43}
		{FADE7A56-B26F-4945-8071-74633D1B4DBF} = {38989085-ED10-4EE9-9DF3-11F9163ACC43}
		{FA255721-1ADC-4198-9613-C96B288E48CF} = {38989085-ED10-4EE9-9DF3-11F9163ACC43}
		{E3C97FB2-0603-423B-8740-AAC394443DD4} = {21A869B9-AC86-48EA-BA54-0188F58AE659}
		{1BAF8634-E20F-4771-B840-B09A117F8066} = {21A869B9-AC86-48EA-BA54-0188F58AE659}
		{DCA9EF2E-5756-458A-AD13-0B6BEBF446F1} = {21A869B9-AC86-48EA-BA54-0188F58AE659}
		{842D15FE-91EA-4B5C-ADE4-4159760D255E} = {9427ADBC-1866-49EE-AE5A-FB617ADCE2D1}
		{47C544C9-B5A4-4F87-AA75-E5CB195B6417} = {9427ADBC-1866-49EE-AE5A-FB617ADCE2D1}
	EndGlobalSection
	GlobalSection(ExtensibilityGlobals) = postSolution
		SolutionGuid = {FD0C37CE-C7E8-46A9-BFAD-88979133DD7C}
	EndGlobalSection
EndGlobal
